
Microsoft Visual Studio Solution File, Format Version 12.00
# Visual Studio Version 17
VisualStudioVersion = 17.2.32602.215
MinimumVisualStudioVersion = 10.0.40219.1
Project("{FAE04EC0-301F-11D3-BF4B-00C04F79EFBC}") = "ZucoBackend", "ZucoBackend\ZucoBackend.csproj", "{E5A65B2E-9CF6-4302-A1B4-8F88D8CF644D}"
EndProject
Global
	GlobalSection(SolutionConfigurationPlatforms) = preSolution
		Debug|Any CPU = Debug|Any CPU
		Release|Any CPU = Release|Any CPU
	EndGlobalSection
	GlobalSection(ProjectConfigurationPlatforms) = postSolution
		{E5A65B2E-9CF6-4302-A1B4-8F88D8CF644D}.Debug|Any CPU.ActiveCfg = Debug|Any CPU
		{E5A65B2E-9CF6-4302-A1B4-8F88D8CF644D}.Debug|Any CPU.Build.0 = Debug|Any CPU
		{E5A65B2E-9CF6-4302-A1B4-8F88D8CF644D}.Release|Any CPU.ActiveCfg = Release|Any CPU
		{E5A65B2E-9CF6-4302-A1B4-8F88D8CF644D}.Release|Any CPU.Build.0 = Release|Any CPU
	EndGlobalSection
	GlobalSection(SolutionProperties) = preSolution
		HideSolutionNode = FALSE
	EndGlobalSection
	GlobalSection(ExtensibilityGlobals) = postSolution
		SolutionGuid = {4B75F4A7-B6E6-4B3E-B038-7E8C4C7264B9}
	EndGlobalSection
EndGlobal
